<Solution>
  <Project Path="BlazorStandalone.AppHost/BlazorStandalone.AppHost.csproj" />
  <Project Path="BlazorStandalone.ApiService/BlazorStandalone.ApiService.csproj" />
  <Project Path="BlazorStandalone.ServiceDefaults/BlazorStandalone.ServiceDefaults.csproj" />
  <Project Path="BlazorStandalone/BlazorStandalone.csproj" />
  <Project Path="BlazorStandalone.ClientServiceDefaults/BlazorStandalone.ClientServiceDefaults.csproj" />
</Solution>
